// !$*UTF8*$!
{
	archiveVersion = 1;
	classes = {
	};
	objectVersion = 46;
	objects = {

/* Begin PBXBuildFile section */
		5AFFDB271F1398FA0089DBD0 /* AppDelegate.swift in Sources */ = {isa = PBXBuildFile; fileRef = 5AFFDB261F1398FA0089DBD0 /* AppDelegate.swift */; };
		5AFFDB291F1398FA0089DBD0 /* ViewController.swift in Sources */ = {isa = PBXBuildFile; fileRef = 5AFFDB281F1398FA0089DBD0 /* ViewController.swift */; };
		5AFFDB2C1F1398FA0089DBD0 /* Main.storyboard in Resources */ = {isa = PBXBuildFile; fileRef = 5AFFDB2A1F1398FA0089DBD0 /* Main.storyboard */; settings = {ASSET_TAGS = (yogaFiller, ); }; };
		5AFFDB2E1F1398FA0089DBD0 /* Assets.xcassets in Resources */ = {isa = PBXBuildFile; fileRef = 5AFFDB2D1F1398FA0089DBD0 /* Assets.xcassets */; };
		5AFFDB311F1398FA0089DBD0 /* LaunchScreen.storyboard in Resources */ = {isa = PBXBuildFile; fileRef = 5AFFDB2F1F1398FA0089DBD0 /* LaunchScreen.storyboard */; };
		5AFFDB3C1F1398FB0089DBD0 /* YogaTimerTests.swift in Sources */ = {isa = PBXBuildFile; fileRef = 5AFFDB3B1F1398FB0089DBD0 /* YogaTimerTests.swift */; };
		5AFFDB471F1398FB0089DBD0 /* YogaTimerUITests.swift in Sources */ = {isa = PBXBuildFile; fileRef = 5AFFDB461F1398FB0089DBD0 /* YogaTimerUITests.swift */; };
		7C837E246EACDB40FF9A4539 /* Pods_YogaTimer.framework in Frameworks */ = {isa = PBXBuildFile; fileRef = 8C24EC0B0E2AF85A2888CE73 /* Pods_YogaTimer.framework */; };
		BFB7B052C3DBAA13F740B13E /* Pods_YogaTimerTests.framework in Frameworks */ = {isa = PBXBuildFile; fileRef = BC463B4DE5DD9D3B70E4EC6A /* Pods_YogaTimerTests.framework */; };
		D71E7F9C28BF40B679892039 /* Pods_YogaTimerUITests.framework in Frameworks */ = {isa = PBXBuildFile; fileRef = BA2CFCE5C381FB4A81F70BEC /* Pods_YogaTimerUITests.framework */; };
/* End PBXBuildFile section */

/* Begin PBXContainerItemProxy section */
		5AFFDB381F1398FB0089DBD0 /* PBXContainerItemProxy */ = {
			isa = PBXContainerItemProxy;
			containerPortal = 5AFFDB1B1F1398FA0089DBD0 /* Project object */;
			proxyType = 1;
			remoteGlobalIDString = 5AFFDB221F1398FA0089DBD0;
			remoteInfo = YogaTimer;
		};
		5AFFDB431F1398FB0089DBD0 /* PBXContainerItemProxy */ = {
			isa = PBXContainerItemProxy;
			containerPortal = 5AFFDB1B1F1398FA0089DBD0 /* Project object */;
			proxyType = 1;
			remoteGlobalIDString = 5AFFDB221F1398FA0089DBD0;
			remoteInfo = YogaTimer;
		};
/* End PBXContainerItemProxy section */

/* Begin PBXFileReference section */
		105ACC48ED09A036178AC944 /* Pods-YogaTimerTests.release.xcconfig */ = {isa = PBXFileReference; includeInIndex = 1; lastKnownFileType = text.xcconfig; name = "Pods-YogaTimerTests.release.xcconfig"; path = "Pods/Target Support Files/Pods-YogaTimerTests/Pods-YogaTimerTests.release.xcconfig"; sourceTree = "<group>"; };
		5AFFDB231F1398FA0089DBD0 /* YogaTimer.app */ = {isa = PBXFileReference; explicitFileType = wrapper.application; includeInIndex = 0; path = YogaTimer.app; sourceTree = BUILT_PRODUCTS_DIR; };
		5AFFDB261F1398FA0089DBD0 /* AppDelegate.swift */ = {isa = PBXFileReference; lastKnownFileType = sourcecode.swift; path = AppDelegate.swift; sourceTree = "<group>"; };
		5AFFDB281F1398FA0089DBD0 /* ViewController.swift */ = {isa = PBXFileReference; lastKnownFileType = sourcecode.swift; path = ViewController.swift; sourceTree = "<group>"; };
		5AFFDB2B1F1398FA0089DBD0 /* Base */ = {isa = PBXFileReference; lastKnownFileType = file.storyboard; name = Base; path = Base.lproj/Main.storyboard; sourceTree = "<group>"; };
		5AFFDB2D1F1398FA0089DBD0 /* Assets.xcassets */ = {isa = PBXFileReference; lastKnownFileType = folder.assetcatalog; path = Assets.xcassets; sourceTree = "<group>"; };
		5AFFDB301F1398FA0089DBD0 /* Base */ = {isa = PBXFileReference; lastKnownFileType = file.storyboard; name = Base; path = Base.lproj/LaunchScreen.storyboard; sourceTree = "<group>"; };
		5AFFDB321F1398FA0089DBD0 /* Info.plist */ = {isa = PBXFileReference; lastKnownFileType = text.plist.xml; path = Info.plist; sourceTree = "<group>"; };
		5AFFDB371F1398FB0089DBD0 /* YogaTimerTests.xctest */ = {isa = PBXFileReference; explicitFileType = wrapper.cfbundle; includeInIndex = 0; path = YogaTimerTests.xctest; sourceTree = BUILT_PRODUCTS_DIR; };
		5AFFDB3B1F1398FB0089DBD0 /* YogaTimerTests.swift */ = {isa = PBXFileReference; lastKnownFileType = sourcecode.swift; path = YogaTimerTests.swift; sourceTree = "<group>"; };
		5AFFDB3D1F1398FB0089DBD0 /* Info.plist */ = {isa = PBXFileReference; lastKnownFileType = text.plist.xml; path = Info.plist; sourceTree = "<group>"; };
		5AFFDB421F1398FB0089DBD0 /* YogaTimerUITests.xctest */ = {isa = PBXFileReference; explicitFileType = wrapper.cfbundle; includeInIndex = 0; path = YogaTimerUITests.xctest; sourceTree = BUILT_PRODUCTS_DIR; };
		5AFFDB461F1398FB0089DBD0 /* YogaTimerUITests.swift */ = {isa = PBXFileReference; lastKnownFileType = sourcecode.swift; path = YogaTimerUITests.swift; sourceTree = "<group>"; };
		5AFFDB481F1398FB0089DBD0 /* Info.plist */ = {isa = PBXFileReference; lastKnownFileType = text.plist.xml; path = Info.plist; sourceTree = "<group>"; };
		80A1AAC590AFC3F144A28BFF /* Pods-YogaTimer.release.xcconfig */ = {isa = PBXFileReference; includeInIndex = 1; lastKnownFileType = text.xcconfig; name = "Pods-YogaTimer.release.xcconfig"; path = "Pods/Target Support Files/Pods-YogaTimer/Pods-YogaTimer.release.xcconfig"; sourceTree = "<group>"; };
		8C24EC0B0E2AF85A2888CE73 /* Pods_YogaTimer.framework */ = {isa = PBXFileReference; explicitFileType = wrapper.framework; includeInIndex = 0; path = Pods_YogaTimer.framework; sourceTree = BUILT_PRODUCTS_DIR; };
		9C92EA8B9171A747A4D54A5E /* Pods-YogaTimerTests.debug.xcconfig */ = {isa = PBXFileReference; includeInIndex = 1; lastKnownFileType = text.xcconfig; name = "Pods-YogaTimerTests.debug.xcconfig"; path = "Pods/Target Support Files/Pods-YogaTimerTests/Pods-YogaTimerTests.debug.xcconfig"; sourceTree = "<group>"; };
		B6563F8F25EE1EA1DF8039EE /* Pods-YogaTimerUITests.release.xcconfig */ = {isa = PBXFileReference; includeInIndex = 1; lastKnownFileType = text.xcconfig; name = "Pods-YogaTimerUITests.release.xcconfig"; path = "Pods/Target Support Files/Pods-YogaTimerUITests/Pods-YogaTimerUITests.release.xcconfig"; sourceTree = "<group>"; };
		BA2CFCE5C381FB4A81F70BEC /* Pods_YogaTimerUITests.framework */ = {isa = PBXFileReference; explicitFileType = wrapper.framework; includeInIndex = 0; path = Pods_YogaTimerUITests.framework; sourceTree = BUILT_PRODUCTS_DIR; };
		BC463B4DE5DD9D3B70E4EC6A /* Pods_YogaTimerTests.framework */ = {isa = PBXFileReference; explicitFileType = wrapper.framework; includeInIndex = 0; path = Pods_YogaTimerTests.framework; sourceTree = BUILT_PRODUCTS_DIR; };
		E58B5BEBD09C182BF6B3E930 /* Pods-YogaTimerUITests.debug.xcconfig */ = {isa = PBXFileReference; includeInIndex = 1; lastKnownFileType = text.xcconfig; name = "Pods-YogaTimerUITests.debug.xcconfig"; path = "Pods/Target Support Files/Pods-YogaTimerUITests/Pods-YogaTimerUITests.debug.xcconfig"; sourceTree = "<group>"; };
		F9C7539785A821ED10DFD683 /* Pods-YogaTimer.debug.xcconfig */ = {isa = PBXFileReference; includeInIndex = 1; lastKnownFileType = text.xcconfig; name = "Pods-YogaTimer.debug.xcconfig"; path = "Pods/Target Support Files/Pods-YogaTimer/Pods-YogaTimer.debug.xcconfig"; sourceTree = "<group>"; };
/* End PBXFileReference section */

/* Begin PBXFrameworksBuildPhase section */
		5AFFDB201F1398FA0089DBD0 /* Frameworks */ = {
			isa = PBXFrameworksBuildPhase;
			buildActionMask = 2147483647;
			files = (
				7C837E246EACDB40FF9A4539 /* Pods_YogaTimer.framework in Frameworks */,
			);
			runOnlyForDeploymentPostprocessing = 0;
		};
		5AFFDB341F1398FB0089DBD0 /* Frameworks */ = {
			isa = PBXFrameworksBuildPhase;
			buildActionMask = 2147483647;
			files = (
				BFB7B052C3DBAA13F740B13E /* Pods_YogaTimerTests.framework in Frameworks */,
			);
			runOnlyForDeploymentPostprocessing = 0;
		};
		5AFFDB3F1F1398FB0089DBD0 /* Frameworks */ = {
			isa = PBXFrameworksBuildPhase;
			buildActionMask = 2147483647;
			files = (
				D71E7F9C28BF40B679892039 /* Pods_YogaTimerUITests.framework in Frameworks */,
			);
			runOnlyForDeploymentPostprocessing = 0;
		};
/* End PBXFrameworksBuildPhase section */

/* Begin PBXGroup section */
		0362BB14087F2322C16B9BB5 /* Frameworks */ = {
			isa = PBXGroup;
			children = (
				8C24EC0B0E2AF85A2888CE73 /* Pods_YogaTimer.framework */,
				BC463B4DE5DD9D3B70E4EC6A /* Pods_YogaTimerTests.framework */,
				BA2CFCE5C381FB4A81F70BEC /* Pods_YogaTimerUITests.framework */,
			);
			name = Frameworks;
			sourceTree = "<group>";
		};
		58BE6EE21C4BA4AEFB6993D5 /* Pods */ = {
			isa = PBXGroup;
			children = (
				F9C7539785A821ED10DFD683 /* Pods-YogaTimer.debug.xcconfig */,
				80A1AAC590AFC3F144A28BFF /* Pods-YogaTimer.release.xcconfig */,
				9C92EA8B9171A747A4D54A5E /* Pods-YogaTimerTests.debug.xcconfig */,
				105ACC48ED09A036178AC944 /* Pods-YogaTimerTests.release.xcconfig */,
				E58B5BEBD09C182BF6B3E930 /* Pods-YogaTimerUITests.debug.xcconfig */,
				B6563F8F25EE1EA1DF8039EE /* Pods-YogaTimerUITests.release.xcconfig */,
			);
			name = Pods;
			sourceTree = "<group>";
		};
		5AFFDB1A1F1398FA0089DBD0 = {
			isa = PBXGroup;
			children = (
				5AFFDB251F1398FA0089DBD0 /* YogaTimer */,
				5AFFDB3A1F1398FB0089DBD0 /* YogaTimerTests */,
				5AFFDB451F1398FB0089DBD0 /* YogaTimerUITests */,
				5AFFDB241F1398FA0089DBD0 /* Products */,
				58BE6EE21C4BA4AEFB6993D5 /* Pods */,
				0362BB14087F2322C16B9BB5 /* Frameworks */,
			);
			sourceTree = "<group>";
		};
		5AFFDB241F1398FA0089DBD0 /* Products */ = {
			isa = PBXGroup;
			children = (
				5AFFDB231F1398FA0089DBD0 /* YogaTimer.app */,
				5AFFDB371F1398FB0089DBD0 /* YogaTimerTests.xctest */,
				5AFFDB421F1398FB0089DBD0 /* YogaTimerUITests.xctest */,
			);
			name = Products;
			sourceTree = "<group>";
		};
		5AFFDB251F1398FA0089DBD0 /* YogaTimer */ = {
			isa = PBXGroup;
			children = (
				5AFFDB261F1398FA0089DBD0 /* AppDelegate.swift */,
				5AFFDB281F1398FA0089DBD0 /* ViewController.swift */,
				5AFFDB2A1F1398FA0089DBD0 /* Main.storyboard */,
				5AFFDB2D1F1398FA0089DBD0 /* Assets.xcassets */,
				5AFFDB2F1F1398FA0089DBD0 /* LaunchScreen.storyboard */,
				5AFFDB321F1398FA0089DBD0 /* Info.plist */,
			);
			path = YogaTimer;
			sourceTree = "<group>";
		};
		5AFFDB3A1F1398FB0089DBD0 /* YogaTimerTests */ = {
			isa = PBXGroup;
			children = (
				5AFFDB3B1F1398FB0089DBD0 /* YogaTimerTests.swift */,
				5AFFDB3D1F1398FB0089DBD0 /* Info.plist */,
			);
			path = YogaTimerTests;
			sourceTree = "<group>";
		};
		5AFFDB451F1398FB0089DBD0 /* YogaTimerUITests */ = {
			isa = PBXGroup;
			children = (
				5AFFDB461F1398FB0089DBD0 /* YogaTimerUITests.swift */,
				5AFFDB481F1398FB0089DBD0 /* Info.plist */,
			);
			path = YogaTimerUITests;
			sourceTree = "<group>";
		};
/* End PBXGroup section */

/* Begin PBXNativeTarget section */
		5AFFDB221F1398FA0089DBD0 /* YogaTimer */ = {
			isa = PBXNativeTarget;
			buildConfigurationList = 5AFFDB4B1F1398FB0089DBD0 /* Build configuration list for PBXNativeTarget "YogaTimer" */;
			buildPhases = (
				6A0E54522BE2309A7D180BE8 /* [CP] Check Pods Manifest.lock */,
				5AFFDB1F1F1398FA0089DBD0 /* Sources */,
				5AFFDB201F1398FA0089DBD0 /* Frameworks */,
				5AFFDB211F1398FA0089DBD0 /* Resources */,
				BF9DAC730052814863BF6C53 /* [CP] Embed Pods Frameworks */,
				A15837C6A6529C4D5A2F3E82 /* [CP] Copy Pods Resources */,
			);
			buildRules = (
			);
			dependencies = (
			);
			name = YogaTimer;
			productName = YogaTimer;
			productReference = 5AFFDB231F1398FA0089DBD0 /* YogaTimer.app */;
			productType = "com.apple.product-type.application";
		};
		5AFFDB361F1398FB0089DBD0 /* YogaTimerTests */ = {
			isa = PBXNativeTarget;
			buildConfigurationList = 5AFFDB4E1F1398FB0089DBD0 /* Build configuration list for PBXNativeTarget "YogaTimerTests" */;
			buildPhases = (
				1F33AE65B27509EF9BECD6FA /* [CP] Check Pods Manifest.lock */,
				5AFFDB331F1398FB0089DBD0 /* Sources */,
				5AFFDB341F1398FB0089DBD0 /* Frameworks */,
				5AFFDB351F1398FB0089DBD0 /* Resources */,
				20B7E98761ED136DE2729D01 /* [CP] Embed Pods Frameworks */,
				224E60E9D4CEC49A04819F49 /* [CP] Copy Pods Resources */,
			);
			buildRules = (
			);
			dependencies = (
				5AFFDB391F1398FB0089DBD0 /* PBXTargetDependency */,
			);
			name = YogaTimerTests;
			productName = YogaTimerTests;
			productReference = 5AFFDB371F1398FB0089DBD0 /* YogaTimerTests.xctest */;
			productType = "com.apple.product-type.bundle.unit-test";
		};
		5AFFDB411F1398FB0089DBD0 /* YogaTimerUITests */ = {
			isa = PBXNativeTarget;
			buildConfigurationList = 5AFFDB511F1398FB0089DBD0 /* Build configuration list for PBXNativeTarget "YogaTimerUITests" */;
			buildPhases = (
				95E375BA3858A74E61933D8F /* [CP] Check Pods Manifest.lock */,
				5AFFDB3E1F1398FB0089DBD0 /* Sources */,
				5AFFDB3F1F1398FB0089DBD0 /* Frameworks */,
				5AFFDB401F1398FB0089DBD0 /* Resources */,
				88526DE60FDB64BB4C7FD828 /* [CP] Embed Pods Frameworks */,
				1397878AD3E3067EB4831EF1 /* [CP] Copy Pods Resources */,
			);
			buildRules = (
			);
			dependencies = (
				5AFFDB441F1398FB0089DBD0 /* PBXTargetDependency */,
			);
			name = YogaTimerUITests;
			productName = YogaTimerUITests;
			productReference = 5AFFDB421F1398FB0089DBD0 /* YogaTimerUITests.xctest */;
			productType = "com.apple.product-type.bundle.ui-testing";
		};
/* End PBXNativeTarget section */

/* Begin PBXProject section */
		5AFFDB1B1F1398FA0089DBD0 /* Project object */ = {
			isa = PBXProject;
			attributes = {
				KnownAssetTags = (
					yogaFiller,
				);
				LastSwiftUpdateCheck = 0830;
				LastUpgradeCheck = 0830;
				ORGANIZATIONNAME = "Sushrut Shringarputale";
				TargetAttributes = {
					5AFFDB221F1398FA0089DBD0 = {
						CreatedOnToolsVersion = 8.3.3;
						DevelopmentTeam = 8Y3KZTG6X4;
						ProvisioningStyle = Automatic;
					};
					5AFFDB361F1398FB0089DBD0 = {
						CreatedOnToolsVersion = 8.3.3;
						DevelopmentTeam = 8Y3KZTG6X4;
						ProvisioningStyle = Automatic;
						TestTargetID = 5AFFDB221F1398FA0089DBD0;
					};
					5AFFDB411F1398FB0089DBD0 = {
						CreatedOnToolsVersion = 8.3.3;
						DevelopmentTeam = 8Y3KZTG6X4;
						ProvisioningStyle = Automatic;
						TestTargetID = 5AFFDB221F1398FA0089DBD0;
					};
				};
			};
			buildConfigurationList = 5AFFDB1E1F1398FA0089DBD0 /* Build configuration list for PBXProject "YogaTimer" */;
			compatibilityVersion = "Xcode 3.2";
			developmentRegion = English;
			hasScannedForEncodings = 0;
			knownRegions = (
				en,
				Base,
			);
			mainGroup = 5AFFDB1A1F1398FA0089DBD0;
			productRefGroup = 5AFFDB241F1398FA0089DBD0 /* Products */;
			projectDirPath = "";
			projectRoot = "";
			targets = (
				5AFFDB221F1398FA0089DBD0 /* YogaTimer */,
				5AFFDB361F1398FB0089DBD0 /* YogaTimerTests */,
				5AFFDB411F1398FB0089DBD0 /* YogaTimerUITests */,
			);
		};
/* End PBXProject section */

/* Begin PBXResourcesBuildPhase section */
		5AFFDB211F1398FA0089DBD0 /* Resources */ = {
			isa = PBXResourcesBuildPhase;
			buildActionMask = 2147483647;
			files = (
				5AFFDB311F1398FA0089DBD0 /* LaunchScreen.storyboard in Resources */,
				5AFFDB2E1F1398FA0089DBD0 /* Assets.xcassets in Resources */,
				5AFFDB2C1F1398FA0089DBD0 /* Main.storyboard in Resources */,
			);
			runOnlyForDeploymentPostprocessing = 0;
		};
		5AFFDB351F1398FB0089DBD0 /* Resources */ = {
			isa = PBXResourcesBuildPhase;
			buildActionMask = 2147483647;
			files = (
			);
			runOnlyForDeploymentPostprocessing = 0;
		};
		5AFFDB401F1398FB0089DBD0 /* Resources */ = {
			isa = PBXResourcesBuildPhase;
			buildActionMask = 2147483647;
			files = (
			);
			runOnlyForDeploymentPostprocessing = 0;
		};
/* End PBXResourcesBuildPhase section */

/* Begin PBXShellScriptBuildPhase section */
		1397878AD3E3067EB4831EF1 /* [CP] Copy Pods Resources */ = {
			isa = PBXShellScriptBuildPhase;
			buildActionMask = 2147483647;
			files = (
			);
			inputPaths = (
			);
			name = "[CP] Copy Pods Resources";
			outputPaths = (
			);
			runOnlyForDeploymentPostprocessing = 0;
			shellPath = /bin/sh;
			shellScript = "\"${SRCROOT}/Pods/Target Support Files/Pods-YogaTimerUITests/Pods-YogaTimerUITests-resources.sh\"\n";
			showEnvVarsInLog = 0;
		};
		1F33AE65B27509EF9BECD6FA /* [CP] Check Pods Manifest.lock */ = {
			isa = PBXShellScriptBuildPhase;
			buildActionMask = 2147483647;
			files = (
			);
			inputPaths = (
			);
			name = "[CP] Check Pods Manifest.lock";
			outputPaths = (
			);
			runOnlyForDeploymentPostprocessing = 0;
			shellPath = /bin/sh;
			shellScript = "diff \"${PODS_PODFILE_DIR_PATH}/Podfile.lock\" \"${PODS_ROOT}/Manifest.lock\" > /dev/null\nif [ $? != 0 ] ; then\n    # print error to STDERR\n    echo \"error: The sandbox is not in sync with the Podfile.lock. Run 'pod install' or update your CocoaPods installation.\" >&2\n    exit 1\nfi\n";
			showEnvVarsInLog = 0;
		};
		20B7E98761ED136DE2729D01 /* [CP] Embed Pods Frameworks */ = {
			isa = PBXShellScriptBuildPhase;
			buildActionMask = 2147483647;
			files = (
			);
			inputPaths = (
			);
			name = "[CP] Embed Pods Frameworks";
			outputPaths = (
			);
			runOnlyForDeploymentPostprocessing = 0;
			shellPath = /bin/sh;
			shellScript = "\"${SRCROOT}/Pods/Target Support Files/Pods-YogaTimerTests/Pods-YogaTimerTests-frameworks.sh\"\n";
			showEnvVarsInLog = 0;
		};
		224E60E9D4CEC49A04819F49 /* [CP] Copy Pods Resources */ = {
			isa = PBXShellScriptBuildPhase;
			buildActionMask = 2147483647;
			files = (
			);
			inputPaths = (
			);
			name = "[CP] Copy Pods Resources";
			outputPaths = (
			);
			runOnlyForDeploymentPostprocessing = 0;
			shellPath = /bin/sh;
			shellScript = "\"${SRCROOT}/Pods/Target Support Files/Pods-YogaTimerTests/Pods-YogaTimerTests-resources.sh\"\n";
			showEnvVarsInLog = 0;
		};
		6A0E54522BE2309A7D180BE8 /* [CP] Check Pods Manifest.lock */ = {
			isa = PBXShellScriptBuildPhase;
			buildActionMask = 2147483647;
			files = (
			);
			inputPaths = (
			);
			name = "[CP] Check Pods Manifest.lock";
			outputPaths = (
			);
			runOnlyForDeploymentPostprocessing = 0;
			shellPath = /bin/sh;
			shellScript = "diff \"${PODS_PODFILE_DIR_PATH}/Podfile.lock\" \"${PODS_ROOT}/Manifest.lock\" > /dev/null\nif [ $? != 0 ] ; then\n    # print error to STDERR\n    echo \"error: The sandbox is not in sync with the Podfile.lock. Run 'pod install' or update your CocoaPods installation.\" >&2\n    exit 1\nfi\n";
			showEnvVarsInLog = 0;
		};
		88526DE60FDB64BB4C7FD828 /* [CP] Embed Pods Frameworks */ = {
			isa = PBXShellScriptBuildPhase;
			buildActionMask = 2147483647;
			files = (
			);
			inputPaths = (
			);
			name = "[CP] Embed Pods Frameworks";
			outputPaths = (
			);
			runOnlyForDeploymentPostprocessing = 0;
			shellPath = /bin/sh;
			shellScript = "\"${SRCROOT}/Pods/Target Support Files/Pods-YogaTimerUITests/Pods-YogaTimerUITests-frameworks.sh\"\n";
			showEnvVarsInLog = 0;
		};
		95E375BA3858A74E61933D8F /* [CP] Check Pods Manifest.lock */ = {
			isa = PBXShellScriptBuildPhase;
			buildActionMask = 2147483647;
			files = (
			);
			inputPaths = (
			);
			name = "[CP] Check Pods Manifest.lock";
			outputPaths = (
			);
			runOnlyForDeploymentPostprocessing = 0;
			shellPath = /bin/sh;
			shellScript = "diff \"${PODS_PODFILE_DIR_PATH}/Podfile.lock\" \"${PODS_ROOT}/Manifest.lock\" > /dev/null\nif [ $? != 0 ] ; then\n    # print error to STDERR\n    echo \"error: The sandbox is not in sync with the Podfile.lock. Run 'pod install' or update your CocoaPods installation.\" >&2\n    exit 1\nfi\n";
			showEnvVarsInLog = 0;
		};
		A15837C6A6529C4D5A2F3E82 /* [CP] Copy Pods Resources */ = {
			isa = PBXShellScriptBuildPhase;
			buildActionMask = 2147483647;
			files = (
			);
			inputPaths = (
			);
			name = "[CP] Copy Pods Resources";
			outputPaths = (
			);
			runOnlyForDeploymentPostprocessing = 0;
			shellPath = /bin/sh;
			shellScript = "\"${SRCROOT}/Pods/Target Support Files/Pods-YogaTimer/Pods-YogaTimer-resources.sh\"\n";
			showEnvVarsInLog = 0;
		};
		BF9DAC730052814863BF6C53 /* [CP] Embed Pods Frameworks */ = {
			isa = PBXShellScriptBuildPhase;
			buildActionMask = 2147483647;
			files = (
			);
			inputPaths = (
			);
			name = "[CP] Embed Pods Frameworks";
			outputPaths = (
			);
			runOnlyForDeploymentPostprocessing = 0;
			shellPath = /bin/sh;
			shellScript = "\"${SRCROOT}/Pods/Target Support Files/Pods-YogaTimer/Pods-YogaTimer-frameworks.sh\"\n";
			showEnvVarsInLog = 0;
		};
/* End PBXShellScriptBuildPhase section */

/* Begin PBXSourcesBuildPhase section */
		5AFFDB1F1F1398FA0089DBD0 /* Sources */ = {
			isa = PBXSourcesBuildPhase;
			buildActionMask = 2147483647;
			files = (
				5AFFDB291F1398FA0089DBD0 /* ViewController.swift in Sources */,
				5AFFDB271F1398FA0089DBD0 /* AppDelegate.swift in Sources */,
			);
			runOnlyForDeploymentPostprocessing = 0;
		};
		5AFFDB331F1398FB0089DBD0 /* Sources */ = {
			isa = PBXSourcesBuildPhase;
			buildActionMask = 2147483647;
			files = (
				5AFFDB3C1F1398FB0089DBD0 /* YogaTimerTests.swift in Sources */,
			);
			runOnlyForDeploymentPostprocessing = 0;
		};
		5AFFDB3E1F1398FB0089DBD0 /* Sources */ = {
			isa = PBXSourcesBuildPhase;
			buildActionMask = 2147483647;
			files = (
				5AFFDB471F1398FB0089DBD0 /* YogaTimerUITests.swift in Sources */,
			);
			runOnlyForDeploymentPostprocessing = 0;
		};
/* End PBXSourcesBuildPhase section */

/* Begin PBXTargetDependency section */
		5AFFDB391F1398FB0089DBD0 /* PBXTargetDependency */ = {
			isa = PBXTargetDependency;
			target = 5AFFDB221F1398FA0089DBD0 /* YogaTimer */;
			targetProxy = 5AFFDB381F1398FB0089DBD0 /* PBXContainerItemProxy */;
		};
		5AFFDB441F1398FB0089DBD0 /* PBXTargetDependency */ = {
			isa = PBXTargetDependency;
			target = 5AFFDB221F1398FA0089DBD0 /* YogaTimer */;
			targetProxy = 5AFFDB431F1398FB0089DBD0 /* PBXContainerItemProxy */;
		};
/* End PBXTargetDependency section */

/* Begin PBXVariantGroup section */
		5AFFDB2A1F1398FA0089DBD0 /* Main.storyboard */ = {
			isa = PBXVariantGroup;
			children = (
				5AFFDB2B1F1398FA0089DBD0 /* Base */,
			);
			name = Main.storyboard;
			sourceTree = "<group>";
		};
		5AFFDB2F1F1398FA0089DBD0 /* LaunchScreen.storyboard */ = {
			isa = PBXVariantGroup;
			children = (
				5AFFDB301F1398FA0089DBD0 /* Base */,
			);
			name = LaunchScreen.storyboard;
			sourceTree = "<group>";
		};
/* End PBXVariantGroup section */

/* Begin XCBuildConfiguration section */
		5AFFDB491F1398FB0089DBD0 /* Debug */ = {
			isa = XCBuildConfiguration;
			buildSettings = {
				ALWAYS_SEARCH_USER_PATHS = NO;
				CLANG_ANALYZER_NONNULL = YES;
				CLANG_ANALYZER_NUMBER_OBJECT_CONVERSION = YES_AGGRESSIVE;
				CLANG_CXX_LANGUAGE_STANDARD = "gnu++0x";
				CLANG_CXX_LIBRARY = "libc++";
				CLANG_ENABLE_MODULES = YES;
				CLANG_ENABLE_OBJC_ARC = YES;
				CLANG_WARN_BOOL_CONVERSION = YES;
				CLANG_WARN_CONSTANT_CONVERSION = YES;
				CLANG_WARN_DIRECT_OBJC_ISA_USAGE = YES_ERROR;
				CLANG_WARN_DOCUMENTATION_COMMENTS = YES;
				CLANG_WARN_EMPTY_BODY = YES;
				CLANG_WARN_ENUM_CONVERSION = YES;
				CLANG_WARN_INFINITE_RECURSION = YES;
				CLANG_WARN_INT_CONVERSION = YES;
				CLANG_WARN_OBJC_ROOT_CLASS = YES_ERROR;
				CLANG_WARN_SUSPICIOUS_MOVE = YES;
				CLANG_WARN_UNREACHABLE_CODE = YES;
				CLANG_WARN__DUPLICATE_METHOD_MATCH = YES;
				"CODE_SIGN_IDENTITY[sdk=iphoneos*]" = "iPhone Developer";
				COPY_PHASE_STRIP = NO;
				DEBUG_INFORMATION_FORMAT = dwarf;
				ENABLE_STRICT_OBJC_MSGSEND = YES;
				ENABLE_TESTABILITY = YES;
				GCC_C_LANGUAGE_STANDARD = gnu99;
				GCC_DYNAMIC_NO_PIC = NO;
				GCC_NO_COMMON_BLOCKS = YES;
				GCC_OPTIMIZATION_LEVEL = 0;
				GCC_PREPROCESSOR_DEFINITIONS = (
					"DEBUG=1",
					"$(inherited)",
				);
				GCC_WARN_64_TO_32_BIT_CONVERSION = YES;
				GCC_WARN_ABOUT_RETURN_TYPE = YES_ERROR;
				GCC_WARN_UNDECLARED_SELECTOR = YES;
				GCC_WARN_UNINITIALIZED_AUTOS = YES_AGGRESSIVE;
				GCC_WARN_UNUSED_FUNCTION = YES;
				GCC_WARN_UNUSED_VARIABLE = YES;
				IPHONEOS_DEPLOYMENT_TARGET = 10.3;
				MTL_ENABLE_DEBUG_INFO = YES;
				ONLY_ACTIVE_ARCH = YES;
				SDKROOT = iphoneos;
				SWIFT_ACTIVE_COMPILATION_CONDITIONS = DEBUG;
				SWIFT_OPTIMIZATION_LEVEL = "-Onone";
				TARGETED_DEVICE_FAMILY = "1,2";
			};
			name = Debug;
		};
		5AFFDB4A1F1398FB0089DBD0 /* Release */ = {
			isa = XCBuildConfiguration;
			buildSettings = {
				ALWAYS_SEARCH_USER_PATHS = NO;
				CLANG_ANALYZER_NONNULL = YES;
				CLANG_ANALYZER_NUMBER_OBJECT_CONVERSION = YES_AGGRESSIVE;
				CLANG_CXX_LANGUAGE_STANDARD = "gnu++0x";
				CLANG_CXX_LIBRARY = "libc++";
				CLANG_ENABLE_MODULES = YES;
				CLANG_ENABLE_OBJC_ARC = YES;
				CLANG_WARN_BOOL_CONVERSION = YES;
				CLANG_WARN_CONSTANT_CONVERSION = YES;
				CLANG_WARN_DIRECT_OBJC_ISA_USAGE = YES_ERROR;
				CLANG_WARN_DOCUMENTATION_COMMENTS = YES;
				CLANG_WARN_EMPTY_BODY = YES;
				CLANG_WARN_ENUM_CONVERSION = YES;
				CLANG_WARN_INFINITE_RECURSION = YES;
				CLANG_WARN_INT_CONVERSION = YES;
				CLANG_WARN_OBJC_ROOT_CLASS = YES_ERROR;
				CLANG_WARN_SUSPICIOUS_MOVE = YES;
				CLANG_WARN_UNREACHABLE_CODE = YES;
				CLANG_WARN__DUPLICATE_METHOD_MATCH = YES;
				"CODE_SIGN_IDENTITY[sdk=iphoneos*]" = "iPhone Developer";
				COPY_PHASE_STRIP = NO;
				DEBUG_INFORMATION_FORMAT = "dwarf-with-dsym";
				ENABLE_NS_ASSERTIONS = NO;
				ENABLE_STRICT_OBJC_MSGSEND = YES;
				GCC_C_LANGUAGE_STANDARD = gnu99;
				GCC_NO_COMMON_BLOCKS = YES;
				GCC_WARN_64_TO_32_BIT_CONVERSION = YES;
				GCC_WARN_ABOUT_RETURN_TYPE = YES_ERROR;
				GCC_WARN_UNDECLARED_SELECTOR = YES;
				GCC_WARN_UNINITIALIZED_AUTOS = YES_AGGRESSIVE;
				GCC_WARN_UNUSED_FUNCTION = YES;
				GCC_WARN_UNUSED_VARIABLE = YES;
				IPHONEOS_DEPLOYMENT_TARGET = 10.3;
				MTL_ENABLE_DEBUG_INFO = NO;
				SDKROOT = iphoneos;
				SWIFT_OPTIMIZATION_LEVEL = "-Owholemodule";
				TARGETED_DEVICE_FAMILY = "1,2";
				VALIDATE_PRODUCT = YES;
			};
			name = Release;
		};
		5AFFDB4C1F1398FB0089DBD0 /* Debug */ = {
			isa = XCBuildConfiguration;
			baseConfigurationReference = F9C7539785A821ED10DFD683 /* Pods-YogaTimer.debug.xcconfig */;
			buildSettings = {
				ASSETCATALOG_COMPILER_APPICON_NAME = AppIcon;
				DEVELOPMENT_TEAM = 8Y3KZTG6X4;
				INFOPLIST_FILE = YogaTimer/Info.plist;
				LD_RUNPATH_SEARCH_PATHS = "$(inherited) @executable_path/Frameworks";
				PRODUCT_BUNDLE_IDENTIFIER = me.sushshring.YogaTimer;
				PRODUCT_NAME = "$(TARGET_NAME)";
				SWIFT_VERSION = 3.0;
			};
			name = Debug;
		};
		5AFFDB4D1F1398FB0089DBD0 /* Release */ = {
			isa = XCBuildConfiguration;
			baseConfigurationReference = 80A1AAC590AFC3F144A28BFF /* Pods-YogaTimer.release.xcconfig */;
			buildSettings = {
				ASSETCATALOG_COMPILER_APPICON_NAME = AppIcon;
				DEVELOPMENT_TEAM = 8Y3KZTG6X4;
				INFOPLIST_FILE = YogaTimer/Info.plist;
				LD_RUNPATH_SEARCH_PATHS = "$(inherited) @executable_path/Frameworks";
				PRODUCT_BUNDLE_IDENTIFIER = me.sushshring.YogaTimer;
				PRODUCT_NAME = "$(TARGET_NAME)";
				SWIFT_VERSION = 3.0;
			};
			name = Release;
		};
		5AFFDB4F1F1398FB0089DBD0 /* Debug */ = {
			isa = XCBuildConfiguration;
			baseConfigurationReference = 9C92EA8B9171A747A4D54A5E /* Pods-YogaTimerTests.debug.xcconfig */;
			buildSettings = {
				ALWAYS_EMBED_SWIFT_STANDARD_LIBRARIES = YES;
				BUNDLE_LOADER = "$(TEST_HOST)";
				DEVELOPMENT_TEAM = 8Y3KZTG6X4;
				INFOPLIST_FILE = YogaTimerTests/Info.plist;
				LD_RUNPATH_SEARCH_PATHS = "$(inherited) @executable_path/Frameworks @loader_path/Frameworks";
				PRODUCT_BUNDLE_IDENTIFIER = me.sushshring.YogaTimerTests;
				PRODUCT_NAME = "$(TARGET_NAME)";
				SWIFT_VERSION = 3.0;
				TEST_HOST = "$(BUILT_PRODUCTS_DIR)/YogaTimer.app/YogaTimer";
			};
			name = Debug;
		};
		5AFFDB501F1398FB0089DBD0 /* Release */ = {
			isa = XCBuildConfiguration;
			baseConfigurationReference = 105ACC48ED09A036178AC944 /* Pods-YogaTimerTests.release.xcconfig */;
			buildSettings = {
				ALWAYS_EMBED_SWIFT_STANDARD_LIBRARIES = YES;
				BUNDLE_LOADER = "$(TEST_HOST)";
				DEVELOPMENT_TEAM = 8Y3KZTG6X4;
				INFOPLIST_FILE = YogaTimerTests/Info.plist;
				LD_RUNPATH_SEARCH_PATHS = "$(inherited) @executable_path/Frameworks @loader_path/Frameworks";
				PRODUCT_BUNDLE_IDENTIFIER = me.sushshring.YogaTimerTests;
				PRODUCT_NAME = "$(TARGET_NAME)";
				SWIFT_VERSION = 3.0;
				TEST_HOST = "$(BUILT_PRODUCTS_DIR)/YogaTimer.app/YogaTimer";
			};
			name = Release;
		};
		5AFFDB521F1398FB0089DBD0 /* Debug */ = {
			isa = XCBuildConfiguration;
			baseConfigurationReference = E58B5BEBD09C182BF6B3E930 /* Pods-YogaTimerUITests.debug.xcconfig */;
			buildSettings = {
				ALWAYS_EMBED_SWIFT_STANDARD_LIBRARIES = YES;
				DEVELOPMENT_TEAM = 8Y3KZTG6X4;
				INFOPLIST_FILE = YogaTimerUITests/Info.plist;
				LD_RUNPATH_SEARCH_PATHS = "$(inherited) @executable_path/Frameworks @loader_path/Frameworks";
				PRODUCT_BUNDLE_IDENTIFIER = me.sushshring.YogaTimerUITests;
				PRODUCT_NAME = "$(TARGET_NAME)";
				SWIFT_VERSION = 3.0;
				TEST_TARGET_NAME = YogaTimer;
			};
			name = Debug;
		};
		5AFFDB531F1398FB0089DBD0 /* Release */ = {
			isa = XCBuildConfiguration;
			baseConfigurationReference = B6563F8F25EE1EA1DF8039EE /* Pods-YogaTimerUITests.release.xcconfig */;
			buildSettings = {
				ALWAYS_EMBED_SWIFT_STANDARD_LIBRARIES = YES;
				DEVELOPMENT_TEAM = 8Y3KZTG6X4;
				INFOPLIST_FILE = YogaTimerUITests/Info.plist;
				LD_RUNPATH_SEARCH_PATHS = "$(inherited) @executable_path/Frameworks @loader_path/Frameworks";
				PRODUCT_BUNDLE_IDENTIFIER = me.sushshring.YogaTimerUITests;
				PRODUCT_NAME = "$(TARGET_NAME)";
				SWIFT_VERSION = 3.0;
				TEST_TARGET_NAME = YogaTimer;
			};
			name = Release;
		};
/* End XCBuildConfiguration section */

/* Begin XCConfigurationList section */
		5AFFDB1E1F1398FA0089DBD0 /* Build configuration list for PBXProject "YogaTimer" */ = {
			isa = XCConfigurationList;
			buildConfigurations = (
				5AFFDB491F1398FB0089DBD0 /* Debug */,
				5AFFDB4A1F1398FB0089DBD0 /* Release */,
			);
			defaultConfigurationIsVisible = 0;
			defaultConfigurationName = Release;
		};
		5AFFDB4B1F1398FB0089DBD0 /* Build configuration list for PBXNativeTarget "YogaTimer" */ = {
			isa = XCConfigurationList;
			buildConfigurations = (
				5AFFDB4C1F1398FB0089DBD0 /* Debug */,
				5AFFDB4D1F1398FB0089DBD0 /* Release */,
			);
			defaultConfigurationIsVisible = 0;
			defaultConfigurationName = Release;
		};
		5AFFDB4E1F1398FB0089DBD0 /* Build configuration list for PBXNativeTarget "YogaTimerTests" */ = {
			isa = XCConfigurationList;
			buildConfigurations = (
				5AFFDB4F1F1398FB0089DBD0 /* Debug */,
				5AFFDB501F1398FB0089DBD0 /* Release */,
			);
			defaultConfigurationIsVisible = 0;
			defaultConfigurationName = Release;
		};
		5AFFDB511F1398FB0089DBD0 /* Build configuration list for PBXNativeTarget "YogaTimerUITests" */ = {
			isa = XCConfigurationList;
			buildConfigurations = (
				5AFFDB521F1398FB0089DBD0 /* Debug */,
				5AFFDB531F1398FB0089DBD0 /* Release */,
			);
			defaultConfigurationIsVisible = 0;
			defaultConfigurationName = Release;
		};
/* End XCConfigurationList section */
	};
	rootObject = 5AFFDB1B1F1398FA0089DBD0 /* Project object */;
}
